
Microsoft Visual Studio Solution File, Format Version 12.00
# Visual Studio Version 16
VisualStudioVersion = 16.0.30128.74
MinimumVisualStudioVersion = 10.0.40219.1
Project("{8BC9CEB8-8B4A-11D0-8D11-00A0C91BC942}") = "NiDX9Renderer", "NiDX9Renderer.vcproj", "{4626D119-C4CA-4C17-8C73-846BD978BF1C}"
EndProject
Global
	GlobalSection(SolutionConfigurationPlatforms) = preSolution
		Debug DLL|Win32 = Debug DLL|Win32
		Debug|Win32 = Debug|Win32
		Release DLL|Win32 = Release DLL|Win32
		Release|Win32 = Release|Win32
		Shipping DLL|Win32 = Shipping DLL|Win32
		Shipping|Win32 = Shipping|Win32
	EndGlobalSection
	GlobalSection(ProjectConfigurationPlatforms) = postSolution
		{4626D119-C4CA-4C17-8C73-846BD978BF1C}.Debug DLL|Win32.ActiveCfg = Debug DLL|Win32
		{4626D119-C4CA-4C17-8C73-846BD978BF1C}.Debug DLL|Win32.Build.0 = Debug DLL|Win32
		{4626D119-C4CA-4C17-8C73-846BD978BF1C}.Debug|Win32.ActiveCfg = Debug|Win32
		{4626D119-C4CA-4C17-8C73-846BD978BF1C}.Debug|Win32.Build.0 = Debug|Win32
		{4626D119-C4CA-4C17-8C73-846BD978BF1C}.Release DLL|Win32.ActiveCfg = Release DLL|Win32
		{4626D119-C4CA-4C17-8C73-846BD978BF1C}.Release DLL|Win32.Build.0 = Release DLL|Win32
		{4626D119-C4CA-4C17-8C73-846BD978BF1C}.Release|Win32.ActiveCfg = Release|Win32
		{4626D119-C4CA-4C17-8C73-846BD978BF1C}.Release|Win32.Build.0 = Release|Win32
		{4626D119-C4CA-4C17-8C73-846BD978BF1C}.Shipping DLL|Win32.ActiveCfg = Shipping DLL|Win32
		{4626D119-C4CA-4C17-8C73-846BD978BF1C}.Shipping DLL|Win32.Build.0 = Shipping DLL|Win32
		{4626D119-C4CA-4C17-8C73-846BD978BF1C}.Shipping|Win32.ActiveCfg = Shipping|Win32
		{4626D119-C4CA-4C17-8C73-846BD978BF1C}.Shipping|Win32.Build.0 = Shipping|Win32
	EndGlobalSection
	GlobalSection(SolutionProperties) = preSolution
		HideSolutionNode = FALSE
	EndGlobalSection
EndGlobal
