<?xml version="1.0" encoding="utf-8"?>
<Project ToolsVersion="4.0" xmlns="http://schemas.microsoft.com/developer/msbuild/2003">
  <ItemGroup>
    <Filter Include="Source Files">
      <UniqueIdentifier>{2bc1d7f1-4008-40da-8c5e-aaf51c2229c7}</UniqueIdentifier>
      <Extensions>cpp</Extensions>
    </Filter>
    <Filter Include="Header Files">
      <UniqueIdentifier>{9a71a4fb-71af-46ca-b64d-6e07e409ea92}</UniqueIdentifier>
      <Extensions>h</Extensions>
    </Filter>
    <Filter Include="Inline Files">
      <UniqueIdentifier>{de0efcb4-e8d5-4810-a1f2-fa8c7372f27d}</UniqueIdentifier>
      <Extensions>inl</Extensions>
    </Filter>
  </ItemGroup>
  <ItemGroup>
    <ClCompile Include="..\..\NiAction.cpp">
      <Filter>Source Files</Filter>
    </ClCompile>
    <ClCompile Include="..\..\NiActionMap.cpp">
      <Filter>Source Files</Filter>
    </ClCompile>
    <ClCompile Include="..\NiDI8InputSystem.cpp">
      <Filter>Source Files</Filter>
    </ClCompile>
    <ClCompile Include="..\..\NiInputDevice.cpp">
      <Filter>Source Files</Filter>
    </ClCompile>
    <ClCompile Include="..\NiInputDI8GamePad.cpp">
      <Filter>Source Files</Filter>
    </ClCompile>
    <ClCompile Include="..\NiInputDI8Keyboard.cpp">
      <Filter>Source Files</Filter>
    </ClCompile>
    <ClCompile Include="..\NiInputDI8Mouse.cpp">
      <Filter>Source Files</Filter>
    </ClCompile>
    <ClCompile Include="..\..\NiInputGamePad.cpp">
      <Filter>Source Files</Filter>
    </ClCompile>
    <ClCompile Include="..\..\NiInputKeyboard.cpp">
      <Filter>Source Files</Filter>
    </ClCompile>
    <ClCompile Include="..\..\NiInputMouse.cpp">
      <Filter>Source Files</Filter>
    </ClCompile>
    <ClCompile Include="..\..\NiInputPCH.cpp">
      <Filter>Source Files</Filter>
    </ClCompile>
    <ClCompile Include="..\..\NiInputSystem.cpp">
      <Filter>Source Files</Filter>
    </ClCompile>
  </ItemGroup>
  <ItemGroup>
    <ClInclude Include="..\..\NiAction.h">
      <Filter>Header Files</Filter>
    </ClInclude>
    <ClInclude Include="..\..\NiActionData.h">
      <Filter>Header Files</Filter>
    </ClInclude>
    <ClInclude Include="..\..\NiActionMap.h">
      <Filter>Header Files</Filter>
    </ClInclude>
    <ClInclude Include="..\NiDI8Headers.h">
      <Filter>Header Files</Filter>
    </ClInclude>
    <ClInclude Include="..\NiDI8InputSystem.h">
      <Filter>Header Files</Filter>
    </ClInclude>
    <ClInclude Include="..\..\NiInput.h">
      <Filter>Header Files</Filter>
    </ClInclude>
    <ClInclude Include="..\NiInput_D3DHeaders.h">
      <Filter>Header Files</Filter>
    </ClInclude>
    <ClInclude Include="..\NiInput_DI8.h">
      <Filter>Header Files</Filter>
    </ClInclude>
    <ClInclude Include="..\..\NiInputDevice.h">
      <Filter>Header Files</Filter>
    </ClInclude>
    <ClInclude Include="..\NiInputDI8GamePad.h">
      <Filter>Header Files</Filter>
    </ClInclude>
    <ClInclude Include="..\NiInputDI8Keyboard.h">
      <Filter>Header Files</Filter>
    </ClInclude>
    <ClInclude Include="..\NiInputDI8Mouse.h">
      <Filter>Header Files</Filter>
    </ClInclude>
    <ClInclude Include="..\..\NiInputErr.h">
      <Filter>Header Files</Filter>
    </ClInclude>
    <ClInclude Include="..\..\NiInputGamePad.h">
      <Filter>Header Files</Filter>
    </ClInclude>
    <ClInclude Include="..\..\NiInputKeyboard.h">
      <Filter>Header Files</Filter>
    </ClInclude>
    <ClInclude Include="..\..\NiInputLibType.h">
      <Filter>Header Files</Filter>
    </ClInclude>
    <ClInclude Include="..\..\NiInputMouse.h">
      <Filter>Header Files</Filter>
    </ClInclude>
    <ClInclude Include="..\..\NiInputPCH.h">
      <Filter>Header Files</Filter>
    </ClInclude>
    <ClInclude Include="..\..\NiInputSystem.h">
      <Filter>Header Files</Filter>
    </ClInclude>
  </ItemGroup>
  <ItemGroup>
    <None Include="..\..\NiAction.inl">
      <Filter>Inline Files</Filter>
    </None>
    <None Include="..\..\NiActionData.inl">
      <Filter>Inline Files</Filter>
    </None>
    <None Include="..\..\NiActionMap.inl">
      <Filter>Inline Files</Filter>
    </None>
    <None Include="..\NiDI8InputSystem.inl">
      <Filter>Inline Files</Filter>
    </None>
    <None Include="..\..\NiInputDevice.inl">
      <Filter>Inline Files</Filter>
    </None>
    <None Include="..\NiInputDI8GamePad.inl">
      <Filter>Inline Files</Filter>
    </None>
    <None Include="..\NiInputDI8Keyboard.inl">
      <Filter>Inline Files</Filter>
    </None>
    <None Include="..\NiInputDI8Mouse.inl">
      <Filter>Inline Files</Filter>
    </None>
    <None Include="..\..\NiInputGamePad.inl">
      <Filter>Inline Files</Filter>
    </None>
    <None Include="..\..\NiInputKeyboard.inl">
      <Filter>Inline Files</Filter>
    </None>
    <None Include="..\..\NiInputMouse.inl">
      <Filter>Inline Files</Filter>
    </None>
    <None Include="..\..\NiInputSystem.inl">
      <Filter>Inline Files</Filter>
    </None>
  </ItemGroup>
</Project>