<?xml version="1.0" encoding="utf-8"?>
<Project ToolsVersion="4.0" xmlns="http://schemas.microsoft.com/developer/msbuild/2003">
  <ItemGroup>
    <Filter Include="Source Files">
      <UniqueIdentifier>{1e2353a9-4af7-4764-8a41-e641c7b9ca76}</UniqueIdentifier>
      <Extensions>cpp</Extensions>
    </Filter>
    <Filter Include="Header Files">
      <UniqueIdentifier>{6834f01b-2600-4a3a-8afa-223ce77fcad9}</UniqueIdentifier>
      <Extensions>h</Extensions>
    </Filter>
    <Filter Include="Inline Files">
      <UniqueIdentifier>{e581ffbb-d785-4a22-aa7c-a2966aacddce}</UniqueIdentifier>
      <Extensions>inl</Extensions>
    </Filter>
  </ItemGroup>
  <ItemGroup>
    <ClCompile Include="..\..\NiD3D10BinaryShader.cpp">
      <Filter>Source Files</Filter>
    </ClCompile>
    <ClCompile Include="..\..\NiD3D10BinaryShaderLib.cpp">
      <Filter>Source Files</Filter>
    </ClCompile>
    <ClCompile Include="..\..\NiD3D10BinaryShaderLibPCH.cpp">
      <Filter>Source Files</Filter>
    </ClCompile>
    <ClCompile Include="..\..\NSBD3D10AttributeDesc.cpp">
      <Filter>Source Files</Filter>
    </ClCompile>
    <ClCompile Include="..\..\NSBD3D10AttributeTable.cpp">
      <Filter>Source Files</Filter>
    </ClCompile>
    <ClCompile Include="..\..\NSBD3D10ConstantMap.cpp">
      <Filter>Source Files</Filter>
    </ClCompile>
    <ClCompile Include="..\..\NSBD3D10Implementation.cpp">
      <Filter>Source Files</Filter>
    </ClCompile>
    <ClCompile Include="..\..\NSBD3D10ObjectTable.cpp">
      <Filter>Source Files</Filter>
    </ClCompile>
    <ClCompile Include="..\..\NSBD3D10PackingDef.cpp">
      <Filter>Source Files</Filter>
    </ClCompile>
    <ClCompile Include="..\..\NSBD3D10Pass.cpp">
      <Filter>Source Files</Filter>
    </ClCompile>
    <ClCompile Include="..\..\NSBD3D10RenderStates.cpp">
      <Filter>Source Files</Filter>
    </ClCompile>
    <ClCompile Include="..\..\NSBD3D10Requirements.cpp">
      <Filter>Source Files</Filter>
    </ClCompile>
    <ClCompile Include="..\..\NSBD3D10Shader.cpp">
      <Filter>Source Files</Filter>
    </ClCompile>
    <ClCompile Include="..\..\NSBD3D10StateGroup.cpp">
      <Filter>Source Files</Filter>
    </ClCompile>
    <ClCompile Include="..\..\NSBD3D10Texture.cpp">
      <Filter>Source Files</Filter>
    </ClCompile>
    <ClCompile Include="..\..\NSBD3D10TextureStage.cpp">
      <Filter>Source Files</Filter>
    </ClCompile>
    <ClCompile Include="..\..\NSBD3D10UserDefinedDataBlock.cpp">
      <Filter>Source Files</Filter>
    </ClCompile>
    <ClCompile Include="..\..\NSBD3D10UserDefinedDataSet.cpp">
      <Filter>Source Files</Filter>
    </ClCompile>
    <ClCompile Include="..\..\NSBD3D10Utility.cpp">
      <Filter>Source Files</Filter>
    </ClCompile>
    <ClCompile Include="..\NSBPackingDef_D3D10.cpp">
      <Filter>Source Files</Filter>
    </ClCompile>
    <ClCompile Include="..\NSBShader_D3D10.cpp">
      <Filter>Source Files</Filter>
    </ClCompile>
    <ClCompile Include="..\NSBStageAndSamplerStates_D3D10.cpp">
      <Filter>Source Files</Filter>
    </ClCompile>
    <ClCompile Include="..\NSBStateGroup_D3D10.cpp">
      <Filter>Source Files</Filter>
    </ClCompile>
  </ItemGroup>
  <ItemGroup>
    <ClInclude Include="..\..\NiD3D10BinaryShader.h">
      <Filter>Header Files</Filter>
    </ClInclude>
    <ClInclude Include="..\..\NiD3D10BinaryShaderLib.h">
      <Filter>Header Files</Filter>
    </ClInclude>
    <ClInclude Include="..\..\NiD3D10BinaryShaderLibLibType.h">
      <Filter>Header Files</Filter>
    </ClInclude>
    <ClInclude Include="..\..\NiD3D10BinaryShaderLibPCH.h">
      <Filter>Header Files</Filter>
    </ClInclude>
    <ClInclude Include="..\..\NSBD3D10AttributeDesc.h">
      <Filter>Header Files</Filter>
    </ClInclude>
    <ClInclude Include="..\..\NSBD3D10AttributeTable.h">
      <Filter>Header Files</Filter>
    </ClInclude>
    <ClInclude Include="..\..\NSBD3D10ConstantMap.h">
      <Filter>Header Files</Filter>
    </ClInclude>
    <ClInclude Include="..\..\NSBD3D10Implementation.h">
      <Filter>Header Files</Filter>
    </ClInclude>
    <ClInclude Include="..\..\NSBD3D10ObjectTable.h">
      <Filter>Header Files</Filter>
    </ClInclude>
    <ClInclude Include="..\..\NSBD3D10PackingDef.h">
      <Filter>Header Files</Filter>
    </ClInclude>
    <ClInclude Include="..\..\NSBD3D10Pass.h">
      <Filter>Header Files</Filter>
    </ClInclude>
    <ClInclude Include="..\..\NSBD3D10RenderStates.h">
      <Filter>Header Files</Filter>
    </ClInclude>
    <ClInclude Include="..\..\NSBD3D10Requirements.h">
      <Filter>Header Files</Filter>
    </ClInclude>
    <ClInclude Include="..\..\NSBD3D10Shader.h">
      <Filter>Header Files</Filter>
    </ClInclude>
    <ClInclude Include="..\..\NSBD3D10StageAndSamplerStates.h">
      <Filter>Header Files</Filter>
    </ClInclude>
    <ClInclude Include="..\..\NSBD3D10StateGroup.h">
      <Filter>Header Files</Filter>
    </ClInclude>
    <ClInclude Include="..\..\NSBD3D10Texture.h">
      <Filter>Header Files</Filter>
    </ClInclude>
    <ClInclude Include="..\..\NSBD3D10TextureStage.h">
      <Filter>Header Files</Filter>
    </ClInclude>
    <ClInclude Include="..\..\NSBD3D10UserDefinedDataBlock.h">
      <Filter>Header Files</Filter>
    </ClInclude>
    <ClInclude Include="..\..\NSBD3D10UserDefinedDataSet.h">
      <Filter>Header Files</Filter>
    </ClInclude>
    <ClInclude Include="..\..\NSBD3D10Utility.h">
      <Filter>Header Files</Filter>
    </ClInclude>
  </ItemGroup>
  <ItemGroup>
    <None Include="..\..\NiD3D10BinaryShader.inl">
      <Filter>Inline Files</Filter>
    </None>
    <None Include="..\..\NSBD3D10ConstantMap.inl">
      <Filter>Inline Files</Filter>
    </None>
    <None Include="..\..\NSBD3D10Implementation.inl">
      <Filter>Inline Files</Filter>
    </None>
    <None Include="..\..\NSBD3D10ObjectTable.inl">
      <Filter>Inline Files</Filter>
    </None>
    <None Include="..\..\NSBD3D10PackingDef.inl">
      <Filter>Inline Files</Filter>
    </None>
    <None Include="..\..\NSBD3D10Pass.inl">
      <Filter>Inline Files</Filter>
    </None>
    <None Include="..\..\NSBD3D10Shader.inl">
      <Filter>Inline Files</Filter>
    </None>
    <None Include="..\..\NSBD3D10StateGroup.inl">
      <Filter>Inline Files</Filter>
    </None>
    <None Include="..\..\NSBD3D10Texture.inl">
      <Filter>Inline Files</Filter>
    </None>
    <None Include="..\..\NSBD3D10TextureStage.inl">
      <Filter>Inline Files</Filter>
    </None>
    <None Include="..\..\NSBD3D10UserDefinedDataBlock.inl">
      <Filter>Inline Files</Filter>
    </None>
  </ItemGroup>
</Project>