<?xml version="1.0" encoding="utf-8"?>
<Project ToolsVersion="4.0" xmlns="http://schemas.microsoft.com/developer/msbuild/2003">
  <ItemGroup>
    <Filter Include="Source Files">
      <UniqueIdentifier>{ef1937a5-f0c3-49fb-8f41-3b03b6fb9de1}</UniqueIdentifier>
      <Extensions>cpp;c;cxx;rc;def;r;odl;idl;hpj;bat</Extensions>
    </Filter>
    <Filter Include="Header Files">
      <UniqueIdentifier>{26702b41-a8ff-419a-b4ce-c37b1874f220}</UniqueIdentifier>
      <Extensions>h;hpp;hxx;hm;inl</Extensions>
    </Filter>
  </ItemGroup>
  <ItemGroup>
    <ClCompile Include="..\..\..\OpenEXR-1.2.2\Iex\IexBaseExc.cpp">
      <Filter>Source Files</Filter>
    </ClCompile>
    <ClCompile Include="..\..\..\OpenEXR-1.2.2\Iex\IexThrowErrnoExc.cpp">
      <Filter>Source Files</Filter>
    </ClCompile>
  </ItemGroup>
  <ItemGroup>
    <ClInclude Include="..\..\..\OpenEXR-1.2.2\Iex\Iex.h">
      <Filter>Header Files</Filter>
    </ClInclude>
    <ClInclude Include="..\..\..\OpenEXR-1.2.2\Iex\IexBaseExc.h">
      <Filter>Header Files</Filter>
    </ClInclude>
    <ClInclude Include="..\..\..\OpenEXR-1.2.2\Iex\IexErrnoExc.h">
      <Filter>Header Files</Filter>
    </ClInclude>
    <ClInclude Include="..\..\..\OpenEXR-1.2.2\Iex\IexMacros.h">
      <Filter>Header Files</Filter>
    </ClInclude>
    <ClInclude Include="..\..\..\OpenEXR-1.2.2\Iex\IexMathExc.h">
      <Filter>Header Files</Filter>
    </ClInclude>
    <ClInclude Include="..\..\..\OpenEXR-1.2.2\Iex\IexThrowErrnoExc.h">
      <Filter>Header Files</Filter>
    </ClInclude>
  </ItemGroup>
</Project>