<?xml version="1.0" encoding="utf-8"?>
<Project ToolsVersion="4.0" xmlns="http://schemas.microsoft.com/developer/msbuild/2003">
  <ItemGroup>
    <Filter Include="Source Files">
      <UniqueIdentifier>{7673ed59-0c70-467b-a1b1-db220d43c007}</UniqueIdentifier>
      <Extensions>cpp</Extensions>
    </Filter>
    <Filter Include="Header Files">
      <UniqueIdentifier>{9dd80ea4-992c-4a0d-9e08-e6d626d07566}</UniqueIdentifier>
      <Extensions>h</Extensions>
    </Filter>
    <Filter Include="Inline Files">
      <UniqueIdentifier>{ba9c197a-7cde-4a4d-bb7e-38da888d4afb}</UniqueIdentifier>
      <Extensions>inl</Extensions>
    </Filter>
  </ItemGroup>
  <ItemGroup>
    <ClCompile Include="..\..\NiD3DXEffectAttributeTable.cpp">
      <Filter>Source Files</Filter>
    </ClCompile>
    <ClCompile Include="..\..\NiD3DXEffectFactory.cpp">
      <Filter>Source Files</Filter>
    </ClCompile>
    <ClCompile Include="..\..\NiD3DXEffectFile.cpp">
      <Filter>Source Files</Filter>
    </ClCompile>
    <ClCompile Include="..\..\NiD3DXEffectLoader.cpp">
      <Filter>Source Files</Filter>
    </ClCompile>
    <ClCompile Include="..\..\NiD3DXEffectParameter.cpp">
      <Filter>Source Files</Filter>
    </ClCompile>
    <ClCompile Include="..\..\NiD3DXEffectParameterDesc.cpp">
      <Filter>Source Files</Filter>
    </ClCompile>
    <ClCompile Include="..\..\NiD3DXEffectParser.cpp">
      <Filter>Source Files</Filter>
    </ClCompile>
    <ClCompile Include="..\..\NiD3DXEffectShader.cpp">
      <Filter>Source Files</Filter>
    </ClCompile>
    <ClCompile Include="..\..\NiD3DXEffectShaderLib.cpp">
      <Filter>Source Files</Filter>
    </ClCompile>
    <ClCompile Include="..\..\NiD3DXEffectShaderLibPCH.cpp">
      <Filter>Source Files</Filter>
    </ClCompile>
    <ClCompile Include="..\..\NiD3DXEffectShaderLibrary.cpp">
      <Filter>Source Files</Filter>
    </ClCompile>
    <ClCompile Include="..\..\NiD3DXEffectShaderSDM.cpp">
      <Filter>Source Files</Filter>
    </ClCompile>
    <ClCompile Include="..\..\NiD3DXEffectStateManager.cpp">
      <Filter>Source Files</Filter>
    </ClCompile>
    <ClCompile Include="..\..\NiD3DXEffectTechnique.cpp">
      <Filter>Source Files</Filter>
    </ClCompile>
    <ClCompile Include="..\..\NiD3DXEffectTechniqueDesc.cpp">
      <Filter>Source Files</Filter>
    </ClCompile>
    <ClCompile Include="..\..\NiD3DXEffectTechniqueSet.cpp">
      <Filter>Source Files</Filter>
    </ClCompile>
    <ClCompile Include="..\..\NiD3DXInclude.cpp">
      <Filter>Source Files</Filter>
    </ClCompile>
  </ItemGroup>
  <ItemGroup>
    <ClInclude Include="..\..\NiD3DXEffectAttributeTable.h">
      <Filter>Header Files</Filter>
    </ClInclude>
    <ClInclude Include="..\..\NiD3DXEffectFactory.h">
      <Filter>Header Files</Filter>
    </ClInclude>
    <ClInclude Include="..\..\NiD3DXEffectFile.h">
      <Filter>Header Files</Filter>
    </ClInclude>
    <ClInclude Include="..\..\NiD3DXEffectHeaders.h">
      <Filter>Header Files</Filter>
    </ClInclude>
    <ClInclude Include="..\NiD3DXEffectHeaders_DX9.h">
      <Filter>Header Files</Filter>
    </ClInclude>
    <ClInclude Include="..\..\NiD3DXEffectLoader.h">
      <Filter>Header Files</Filter>
    </ClInclude>
    <ClInclude Include="..\..\NiD3DXEffectParameter.h">
      <Filter>Header Files</Filter>
    </ClInclude>
    <ClInclude Include="..\..\NiD3DXEffectParameterDesc.h">
      <Filter>Header Files</Filter>
    </ClInclude>
    <ClInclude Include="..\..\NiD3DXEffectParser.h">
      <Filter>Header Files</Filter>
    </ClInclude>
    <ClInclude Include="..\..\NiD3DXEffectShader.h">
      <Filter>Header Files</Filter>
    </ClInclude>
    <ClInclude Include="..\..\NiD3DXEffectShaderLib.h">
      <Filter>Header Files</Filter>
    </ClInclude>
    <ClInclude Include="..\..\NiD3DXEffectShaderLibPCH.h">
      <Filter>Header Files</Filter>
    </ClInclude>
    <ClInclude Include="..\..\NiD3DXEffectShaderLibrary.h">
      <Filter>Header Files</Filter>
    </ClInclude>
    <ClInclude Include="..\..\NiD3DXEffectShaderLibType.h">
      <Filter>Header Files</Filter>
    </ClInclude>
    <ClInclude Include="..\..\NiD3DXEffectShaderSDM.h">
      <Filter>Header Files</Filter>
    </ClInclude>
    <ClInclude Include="..\..\NiD3DXEffectStateManager.h">
      <Filter>Header Files</Filter>
    </ClInclude>
    <ClInclude Include="..\..\NiD3DXEffectTechnique.h">
      <Filter>Header Files</Filter>
    </ClInclude>
    <ClInclude Include="..\..\NiD3DXEffectTechniqueDesc.h">
      <Filter>Header Files</Filter>
    </ClInclude>
    <ClInclude Include="..\..\NiD3DXEffectTechniqueSet.h">
      <Filter>Header Files</Filter>
    </ClInclude>
    <ClInclude Include="..\..\NiD3DXInclude.h">
      <Filter>Header Files</Filter>
    </ClInclude>
  </ItemGroup>
  <ItemGroup>
    <None Include="..\..\NiD3DXEffectFactory.inl">
      <Filter>Inline Files</Filter>
    </None>
    <None Include="..\..\NiD3DXEffectFile.inl">
      <Filter>Inline Files</Filter>
    </None>
    <None Include="..\..\NiD3DXEffectParameter.inl">
      <Filter>Inline Files</Filter>
    </None>
    <None Include="..\..\NiD3DXEffectShader.inl">
      <Filter>Inline Files</Filter>
    </None>
    <None Include="..\..\NiD3DXEffectTechnique.inl">
      <Filter>Inline Files</Filter>
    </None>
    <None Include="..\..\NiD3DXEffectTechniqueSet.inl">
      <Filter>Inline Files</Filter>
    </None>
  </ItemGroup>
</Project>