<?xml version="1.0" encoding="utf-8"?>
<Project ToolsVersion="4.0" xmlns="http://schemas.microsoft.com/developer/msbuild/2003">
  <ItemGroup>
    <Filter Include="Source Files">
      <UniqueIdentifier>{115f0fc4-c5c3-4ccc-8e6f-5291703c9a7a}</UniqueIdentifier>
      <Extensions>cpp</Extensions>
    </Filter>
    <Filter Include="Source Files\Components">
      <UniqueIdentifier>{5d45d3c0-de41-43c5-bf4c-1dd349883a69}</UniqueIdentifier>
    </Filter>
    <Filter Include="Source Files\Interfaces">
      <UniqueIdentifier>{603622c2-2edb-4789-8d92-e355e28cbd41}</UniqueIdentifier>
    </Filter>
    <Filter Include="Source Files\Commands">
      <UniqueIdentifier>{8c59e02b-5de6-439a-9758-67ebeaf5df60}</UniqueIdentifier>
    </Filter>
    <Filter Include="Source Files\Commands\Change Property Data Commands">
      <UniqueIdentifier>{47597513-4aca-40b0-b6b4-5961c3e4c7c9}</UniqueIdentifier>
    </Filter>
    <Filter Include="Source Files\Commands\Reset Property Data Commands">
      <UniqueIdentifier>{452bcfee-c4b6-4453-8c6a-b2e6658faaa2}</UniqueIdentifier>
    </Filter>
    <Filter Include="Source Files\Streaming">
      <UniqueIdentifier>{70ac2ee8-eeca-4cd6-b7ea-fbe0253c08d0}</UniqueIdentifier>
    </Filter>
    <Filter Include="Source Files\External Assets">
      <UniqueIdentifier>{0b7bf645-2436-47fa-b80f-93ace9683318}</UniqueIdentifier>
    </Filter>
    <Filter Include="Source Files\External Assets\Asset Params">
      <UniqueIdentifier>{f72b57cb-e172-4ad7-84d4-6363e89a3758}</UniqueIdentifier>
    </Filter>
    <Filter Include="Source Files\External Assets\Asset Handlers">
      <UniqueIdentifier>{7748c5d6-7383-40cd-a396-873778606d6f}</UniqueIdentifier>
    </Filter>
    <Filter Include="Header Files">
      <UniqueIdentifier>{f8f17dee-4226-4101-916c-dacb48e82985}</UniqueIdentifier>
      <Extensions>h</Extensions>
    </Filter>
    <Filter Include="Header Files\Components">
      <UniqueIdentifier>{84efd0a1-137a-460e-9b22-ecb046e6527c}</UniqueIdentifier>
    </Filter>
    <Filter Include="Header Files\Interfaces">
      <UniqueIdentifier>{e1526ba2-bf8e-490e-8b74-581b45706f05}</UniqueIdentifier>
    </Filter>
    <Filter Include="Header Files\Commands">
      <UniqueIdentifier>{017944ef-fc8f-4b10-a662-467be5582d43}</UniqueIdentifier>
    </Filter>
    <Filter Include="Header Files\Commands\Change Property Data Commands">
      <UniqueIdentifier>{b88aabf2-f357-4844-8c73-75464d166873}</UniqueIdentifier>
    </Filter>
    <Filter Include="Header Files\Commands\Reset Property Data Commands">
      <UniqueIdentifier>{4b9a4ef4-c694-4fb9-9d3a-475908fc80a6}</UniqueIdentifier>
    </Filter>
    <Filter Include="Header Files\Streaming">
      <UniqueIdentifier>{b3fed85f-1307-44cc-9754-4e364eaf22d5}</UniqueIdentifier>
    </Filter>
    <Filter Include="Header Files\External Assets">
      <UniqueIdentifier>{e225c850-2e4c-44d9-bd31-0ecc45b5ca78}</UniqueIdentifier>
    </Filter>
    <Filter Include="Header Files\External Assets\Asset Params">
      <UniqueIdentifier>{4af3e0b9-4ad6-4452-8722-bafbc2917d50}</UniqueIdentifier>
    </Filter>
    <Filter Include="Header Files\External Assets\Asset Handlers">
      <UniqueIdentifier>{181da382-4462-4d16-b50f-8ff6ccf7c809}</UniqueIdentifier>
    </Filter>
    <Filter Include="Inline Files">
      <UniqueIdentifier>{3992f8b3-b4cd-42a1-82bd-b50af9e99c80}</UniqueIdentifier>
      <Extensions>inl</Extensions>
    </Filter>
    <Filter Include="Inline Files\Components">
      <UniqueIdentifier>{c3af1d6b-0ea8-4c86-8335-0652b654a691}</UniqueIdentifier>
    </Filter>
    <Filter Include="Inline Files\Commands">
      <UniqueIdentifier>{b8266f01-ceca-499d-b0aa-717b8159455e}</UniqueIdentifier>
    </Filter>
    <Filter Include="Inline Files\Streaming">
      <UniqueIdentifier>{f72e21ef-06c7-469a-af27-f883594988d0}</UniqueIdentifier>
    </Filter>
  </ItemGroup>
  <ItemGroup>
    <ClCompile Include="..\..\NiDefaultErrorHandler.cpp">
      <Filter>Source Files</Filter>
    </ClCompile>
    <ClCompile Include="..\..\NiEntityCommandManager.cpp">
      <Filter>Source Files</Filter>
    </ClCompile>
    <ClCompile Include="..\..\NiEntityPCH.cpp">
      <Filter>Source Files</Filter>
    </ClCompile>
    <ClCompile Include="..\..\NiEntitySDM.cpp">
      <Filter>Source Files</Filter>
    </ClCompile>
    <ClCompile Include="..\..\NiFactories.cpp">
      <Filter>Source Files</Filter>
    </ClCompile>
    <ClCompile Include="..\..\NiGeneralEntity.cpp">
      <Filter>Source Files</Filter>
    </ClCompile>
    <ClCompile Include="..\..\NiScene.cpp">
      <Filter>Source Files</Filter>
    </ClCompile>
    <ClCompile Include="..\..\NiSceneRenderView.cpp">
      <Filter>Source Files</Filter>
    </ClCompile>
    <ClCompile Include="..\..\NiActorComponent.cpp">
      <Filter>Source Files\Components</Filter>
    </ClCompile>
    <ClCompile Include="..\..\NiCameraComponent.cpp">
      <Filter>Source Files\Components</Filter>
    </ClCompile>
    <ClCompile Include="..\..\NiGeneralComponent.cpp">
      <Filter>Source Files\Components</Filter>
    </ClCompile>
    <ClCompile Include="..\..\NiGeneralComponentProperty.cpp">
      <Filter>Source Files\Components</Filter>
    </ClCompile>
    <ClCompile Include="..\..\NiInheritedTransformationComponent.cpp">
      <Filter>Source Files\Components</Filter>
    </ClCompile>
    <ClCompile Include="..\..\NiLightComponent.cpp">
      <Filter>Source Files\Components</Filter>
    </ClCompile>
    <ClCompile Include="..\..\NiSceneGraphComponent.cpp">
      <Filter>Source Files\Components</Filter>
    </ClCompile>
    <ClCompile Include="..\..\NiShadowGeneratorComponent.cpp">
      <Filter>Source Files\Components</Filter>
    </ClCompile>
    <ClCompile Include="..\..\NiTransformationComponent.cpp">
      <Filter>Source Files\Components</Filter>
    </ClCompile>
    <ClCompile Include="..\..\NiEntityComponentInterface.cpp">
      <Filter>Source Files\Interfaces</Filter>
    </ClCompile>
    <ClCompile Include="..\..\NiEntityInterface.cpp">
      <Filter>Source Files\Interfaces</Filter>
    </ClCompile>
    <ClCompile Include="..\..\NiEntityPropertyInterface.cpp">
      <Filter>Source Files\Interfaces</Filter>
    </ClCompile>
    <ClCompile Include="..\..\NiAddRemoveComponentCommand.cpp">
      <Filter>Source Files\Commands</Filter>
    </ClCompile>
    <ClCompile Include="..\..\NiAddRemoveEntityCommand.cpp">
      <Filter>Source Files\Commands</Filter>
    </ClCompile>
    <ClCompile Include="..\..\NiAddRemovePropertyCommand.cpp">
      <Filter>Source Files\Commands</Filter>
    </ClCompile>
    <ClCompile Include="..\..\NiAddRemoveSelectionSetCommand.cpp">
      <Filter>Source Files\Commands</Filter>
    </ClCompile>
    <ClCompile Include="..\..\NiBatchCommand.cpp">
      <Filter>Source Files\Commands</Filter>
    </ClCompile>
    <ClCompile Include="..\..\NiChangeHiddenStateCommand.cpp">
      <Filter>Source Files\Commands</Filter>
    </ClCompile>
    <ClCompile Include="..\..\NiChangePropertyCommand.cpp">
      <Filter>Source Files\Commands</Filter>
    </ClCompile>
    <ClCompile Include="..\..\NiMakePropertyUniqueCommand.cpp">
      <Filter>Source Files\Commands</Filter>
    </ClCompile>
    <ClCompile Include="..\..\NiRenameEntityCommand.cpp">
      <Filter>Source Files\Commands</Filter>
    </ClCompile>
    <ClCompile Include="..\..\NiRenameSelectionSetCommand.cpp">
      <Filter>Source Files\Commands</Filter>
    </ClCompile>
    <ClCompile Include="..\..\NiResetPropertyDataCommandFactory.cpp">
      <Filter>Source Files\Commands</Filter>
    </ClCompile>
    <ClCompile Include="..\..\NiSelectEntitiesCommand.cpp">
      <Filter>Source Files\Commands</Filter>
    </ClCompile>
    <ClCompile Include="..\..\NiSetElementCountCommand.cpp">
      <Filter>Source Files\Commands</Filter>
    </ClCompile>
    <ClCompile Include="..\..\NiChangeBoolDataCommand.cpp">
      <Filter>Source Files\Commands\Change Property Data Commands</Filter>
    </ClCompile>
    <ClCompile Include="..\..\NiChangeColorADataCommand.cpp">
      <Filter>Source Files\Commands\Change Property Data Commands</Filter>
    </ClCompile>
    <ClCompile Include="..\..\NiChangeColorDataCommand.cpp">
      <Filter>Source Files\Commands\Change Property Data Commands</Filter>
    </ClCompile>
    <ClCompile Include="..\..\NiChangeEntityPointerDataCommand.cpp">
      <Filter>Source Files\Commands\Change Property Data Commands</Filter>
    </ClCompile>
    <ClCompile Include="..\..\NiChangeFloatDataCommand.cpp">
      <Filter>Source Files\Commands\Change Property Data Commands</Filter>
    </ClCompile>
    <ClCompile Include="..\..\NiChangeIntDataCommand.cpp">
      <Filter>Source Files\Commands\Change Property Data Commands</Filter>
    </ClCompile>
    <ClCompile Include="..\..\NiChangeMatrix3DataCommand.cpp">
      <Filter>Source Files\Commands\Change Property Data Commands</Filter>
    </ClCompile>
    <ClCompile Include="..\..\NiChangeNiObjectPointerDataCommand.cpp">
      <Filter>Source Files\Commands\Change Property Data Commands</Filter>
    </ClCompile>
    <ClCompile Include="..\..\NiChangePoint2DataCommand.cpp">
      <Filter>Source Files\Commands\Change Property Data Commands</Filter>
    </ClCompile>
    <ClCompile Include="..\..\NiChangePoint3DataCommand.cpp">
      <Filter>Source Files\Commands\Change Property Data Commands</Filter>
    </ClCompile>
    <ClCompile Include="..\..\NiChangeQuaternionDataCommand.cpp">
      <Filter>Source Files\Commands\Change Property Data Commands</Filter>
    </ClCompile>
    <ClCompile Include="..\..\NiChangeShortDataCommand.cpp">
      <Filter>Source Files\Commands\Change Property Data Commands</Filter>
    </ClCompile>
    <ClCompile Include="..\..\NiChangeStringDataCommand.cpp">
      <Filter>Source Files\Commands\Change Property Data Commands</Filter>
    </ClCompile>
    <ClCompile Include="..\..\NiChangeUIntDataCommand.cpp">
      <Filter>Source Files\Commands\Change Property Data Commands</Filter>
    </ClCompile>
    <ClCompile Include="..\..\NiChangeUShortDataCommand.cpp">
      <Filter>Source Files\Commands\Change Property Data Commands</Filter>
    </ClCompile>
    <ClCompile Include="..\..\NiResetBoolDataCommand.cpp">
      <Filter>Source Files\Commands\Reset Property Data Commands</Filter>
    </ClCompile>
    <ClCompile Include="..\..\NiResetColorADataCommand.cpp">
      <Filter>Source Files\Commands\Reset Property Data Commands</Filter>
    </ClCompile>
    <ClCompile Include="..\..\NiResetColorDataCommand.cpp">
      <Filter>Source Files\Commands\Reset Property Data Commands</Filter>
    </ClCompile>
    <ClCompile Include="..\..\NiResetEntityPointerDataCommand.cpp">
      <Filter>Source Files\Commands\Reset Property Data Commands</Filter>
    </ClCompile>
    <ClCompile Include="..\..\NiResetFloatDataCommand.cpp">
      <Filter>Source Files\Commands\Reset Property Data Commands</Filter>
    </ClCompile>
    <ClCompile Include="..\..\NiResetIntDataCommand.cpp">
      <Filter>Source Files\Commands\Reset Property Data Commands</Filter>
    </ClCompile>
    <ClCompile Include="..\..\NiResetMatrix3DataCommand.cpp">
      <Filter>Source Files\Commands\Reset Property Data Commands</Filter>
    </ClCompile>
    <ClCompile Include="..\..\NiResetNiObjectPointerDataCommand.cpp">
      <Filter>Source Files\Commands\Reset Property Data Commands</Filter>
    </ClCompile>
    <ClCompile Include="..\..\NiResetPoint2DataCommand.cpp">
      <Filter>Source Files\Commands\Reset Property Data Commands</Filter>
    </ClCompile>
    <ClCompile Include="..\..\NiResetPoint3DataCommand.cpp">
      <Filter>Source Files\Commands\Reset Property Data Commands</Filter>
    </ClCompile>
    <ClCompile Include="..\..\NiResetQuaternionDataCommand.cpp">
      <Filter>Source Files\Commands\Reset Property Data Commands</Filter>
    </ClCompile>
    <ClCompile Include="..\..\NiResetShortDataCommand.cpp">
      <Filter>Source Files\Commands\Reset Property Data Commands</Filter>
    </ClCompile>
    <ClCompile Include="..\..\NiResetStringDataCommand.cpp">
      <Filter>Source Files\Commands\Reset Property Data Commands</Filter>
    </ClCompile>
    <ClCompile Include="..\..\NiResetUIntDataCommand.cpp">
      <Filter>Source Files\Commands\Reset Property Data Commands</Filter>
    </ClCompile>
    <ClCompile Include="..\..\NiResetUShortDataCommand.cpp">
      <Filter>Source Files\Commands\Reset Property Data Commands</Filter>
    </ClCompile>
    <ClCompile Include="..\..\NiBase64.cpp">
      <Filter>Source Files\Streaming</Filter>
    </ClCompile>
    <ClCompile Include="..\..\NiDOMTool.cpp">
      <Filter>Source Files\Streaming</Filter>
    </ClCompile>
    <ClCompile Include="..\..\NiEntityStreaming.cpp">
      <Filter>Source Files\Streaming</Filter>
    </ClCompile>
    <ClCompile Include="..\..\NiEntityStreamingAscii.cpp">
      <Filter>Source Files\Streaming</Filter>
    </ClCompile>
    <ClCompile Include="..\..\NiExternalAssetManager.cpp">
      <Filter>Source Files\External Assets</Filter>
    </ClCompile>
    <ClCompile Include="..\..\NiExternalAssetParams.cpp">
      <Filter>Source Files\External Assets\Asset Params</Filter>
    </ClCompile>
    <ClCompile Include="..\..\NiParamsKF.cpp">
      <Filter>Source Files\External Assets\Asset Params</Filter>
    </ClCompile>
    <ClCompile Include="..\..\NiParamsKFM.cpp">
      <Filter>Source Files\External Assets\Asset Params</Filter>
    </ClCompile>
    <ClCompile Include="..\..\NiParamsNIF.cpp">
      <Filter>Source Files\External Assets\Asset Params</Filter>
    </ClCompile>
    <ClCompile Include="..\..\NiExternalAssetHandler.cpp">
      <Filter>Source Files\External Assets\Asset Handlers</Filter>
    </ClCompile>
    <ClCompile Include="..\..\NiExternalAssetKFHandler.cpp">
      <Filter>Source Files\External Assets\Asset Handlers</Filter>
    </ClCompile>
    <ClCompile Include="..\..\NiExternalAssetKFMHandler.cpp">
      <Filter>Source Files\External Assets\Asset Handlers</Filter>
    </ClCompile>
    <ClCompile Include="..\..\NiExternalAssetNIFHandler.cpp">
      <Filter>Source Files\External Assets\Asset Handlers</Filter>
    </ClCompile>
  </ItemGroup>
  <ItemGroup>
    <ClInclude Include="..\..\NiDefaultErrorHandler.h">
      <Filter>Header Files</Filter>
    </ClInclude>
    <ClInclude Include="..\..\NiEntity.h">
      <Filter>Header Files</Filter>
    </ClInclude>
    <ClInclude Include="..\..\NiEntityCommandManager.h">
      <Filter>Header Files</Filter>
    </ClInclude>
    <ClInclude Include="..\..\NiEntityLibType.h">
      <Filter>Header Files</Filter>
    </ClInclude>
    <ClInclude Include="..\..\NiEntityPCH.h">
      <Filter>Header Files</Filter>
    </ClInclude>
    <ClInclude Include="..\..\NiEntityRenderingContext.h">
      <Filter>Header Files</Filter>
    </ClInclude>
    <ClInclude Include="..\..\NiEntitySDM.h">
      <Filter>Header Files</Filter>
    </ClInclude>
    <ClInclude Include="..\..\NiEntitySelectionSet.h">
      <Filter>Header Files</Filter>
    </ClInclude>
    <ClInclude Include="..\..\NiFactories.h">
      <Filter>Header Files</Filter>
    </ClInclude>
    <ClInclude Include="..\..\NiGeneralEntity.h">
      <Filter>Header Files</Filter>
    </ClInclude>
    <ClInclude Include="..\..\NiInterfaceSmartPointer.h">
      <Filter>Header Files</Filter>
    </ClInclude>
    <ClInclude Include="..\..\NiScene.h">
      <Filter>Header Files</Filter>
    </ClInclude>
    <ClInclude Include="..\..\NiSceneRenderView.h">
      <Filter>Header Files</Filter>
    </ClInclude>
    <ClInclude Include="..\..\NiTFactory.h">
      <Filter>Header Files</Filter>
    </ClInclude>
    <ClInclude Include="..\..\NiUniqueID.h">
      <Filter>Header Files</Filter>
    </ClInclude>
    <ClInclude Include="..\..\NiActorComponent.h">
      <Filter>Header Files\Components</Filter>
    </ClInclude>
    <ClInclude Include="..\..\NiCameraComponent.h">
      <Filter>Header Files\Components</Filter>
    </ClInclude>
    <ClInclude Include="..\..\NiGeneralComponent.h">
      <Filter>Header Files\Components</Filter>
    </ClInclude>
    <ClInclude Include="..\..\NiGeneralComponentProperty.h">
      <Filter>Header Files\Components</Filter>
    </ClInclude>
    <ClInclude Include="..\..\NiInheritedTransformationComponent.h">
      <Filter>Header Files\Components</Filter>
    </ClInclude>
    <ClInclude Include="..\..\NiLightComponent.h">
      <Filter>Header Files\Components</Filter>
    </ClInclude>
    <ClInclude Include="..\..\NiSceneGraphComponent.h">
      <Filter>Header Files\Components</Filter>
    </ClInclude>
    <ClInclude Include="..\..\NiShadowGeneratorComponent.h">
      <Filter>Header Files\Components</Filter>
    </ClInclude>
    <ClInclude Include="..\..\NiTransformationComponent.h">
      <Filter>Header Files\Components</Filter>
    </ClInclude>
    <ClInclude Include="..\..\NiEntityCommandInterface.h">
      <Filter>Header Files\Interfaces</Filter>
    </ClInclude>
    <ClInclude Include="..\..\NiEntityComponentInterface.h">
      <Filter>Header Files\Interfaces</Filter>
    </ClInclude>
    <ClInclude Include="..\..\NiEntityErrorInterface.h">
      <Filter>Header Files\Interfaces</Filter>
    </ClInclude>
    <ClInclude Include="..\..\NiEntityInterface.h">
      <Filter>Header Files\Interfaces</Filter>
    </ClInclude>
    <ClInclude Include="..\..\NiEntityPropertyInterface.h">
      <Filter>Header Files\Interfaces</Filter>
    </ClInclude>
    <ClInclude Include="..\..\NiAddRemoveComponentCommand.h">
      <Filter>Header Files\Commands</Filter>
    </ClInclude>
    <ClInclude Include="..\..\NiAddRemoveEntityCommand.h">
      <Filter>Header Files\Commands</Filter>
    </ClInclude>
    <ClInclude Include="..\..\NiAddRemovePropertyCommand.h">
      <Filter>Header Files\Commands</Filter>
    </ClInclude>
    <ClInclude Include="..\..\NiAddRemoveSelectionSetCommand.h">
      <Filter>Header Files\Commands</Filter>
    </ClInclude>
    <ClInclude Include="..\..\NiBatchCommand.h">
      <Filter>Header Files\Commands</Filter>
    </ClInclude>
    <ClInclude Include="..\..\NiChangeHiddenStateCommand.h">
      <Filter>Header Files\Commands</Filter>
    </ClInclude>
    <ClInclude Include="..\..\NiChangePropertyCommand.h">
      <Filter>Header Files\Commands</Filter>
    </ClInclude>
    <ClInclude Include="..\..\NiMakePropertyUniqueCommand.h">
      <Filter>Header Files\Commands</Filter>
    </ClInclude>
    <ClInclude Include="..\..\NiRenameEntityCommand.h">
      <Filter>Header Files\Commands</Filter>
    </ClInclude>
    <ClInclude Include="..\..\NiRenameSelectionSetCommand.h">
      <Filter>Header Files\Commands</Filter>
    </ClInclude>
    <ClInclude Include="..\..\NiResetPropertyDataCommandFactory.h">
      <Filter>Header Files\Commands</Filter>
    </ClInclude>
    <ClInclude Include="..\..\NiSelectEntitiesCommand.h">
      <Filter>Header Files\Commands</Filter>
    </ClInclude>
    <ClInclude Include="..\..\NiSetElementCountCommand.h">
      <Filter>Header Files\Commands</Filter>
    </ClInclude>
    <ClInclude Include="..\..\NiChangeBoolDataCommand.h">
      <Filter>Header Files\Commands\Change Property Data Commands</Filter>
    </ClInclude>
    <ClInclude Include="..\..\NiChangeColorADataCommand.h">
      <Filter>Header Files\Commands\Change Property Data Commands</Filter>
    </ClInclude>
    <ClInclude Include="..\..\NiChangeColorDataCommand.h">
      <Filter>Header Files\Commands\Change Property Data Commands</Filter>
    </ClInclude>
    <ClInclude Include="..\..\NiChangeEntityPointerDataCommand.h">
      <Filter>Header Files\Commands\Change Property Data Commands</Filter>
    </ClInclude>
    <ClInclude Include="..\..\NiChangeFloatDataCommand.h">
      <Filter>Header Files\Commands\Change Property Data Commands</Filter>
    </ClInclude>
    <ClInclude Include="..\..\NiChangeIntDataCommand.h">
      <Filter>Header Files\Commands\Change Property Data Commands</Filter>
    </ClInclude>
    <ClInclude Include="..\..\NiChangeMatrix3DataCommand.h">
      <Filter>Header Files\Commands\Change Property Data Commands</Filter>
    </ClInclude>
    <ClInclude Include="..\..\NiChangeNiObjectPointerDataCommand.h">
      <Filter>Header Files\Commands\Change Property Data Commands</Filter>
    </ClInclude>
    <ClInclude Include="..\..\NiChangePoint2DataCommand.h">
      <Filter>Header Files\Commands\Change Property Data Commands</Filter>
    </ClInclude>
    <ClInclude Include="..\..\NiChangePoint3DataCommand.h">
      <Filter>Header Files\Commands\Change Property Data Commands</Filter>
    </ClInclude>
    <ClInclude Include="..\..\NiChangeQuaternionDataCommand.h">
      <Filter>Header Files\Commands\Change Property Data Commands</Filter>
    </ClInclude>
    <ClInclude Include="..\..\NiChangeShortDataCommand.h">
      <Filter>Header Files\Commands\Change Property Data Commands</Filter>
    </ClInclude>
    <ClInclude Include="..\..\NiChangeStringDataCommand.h">
      <Filter>Header Files\Commands\Change Property Data Commands</Filter>
    </ClInclude>
    <ClInclude Include="..\..\NiChangeUIntDataCommand.h">
      <Filter>Header Files\Commands\Change Property Data Commands</Filter>
    </ClInclude>
    <ClInclude Include="..\..\NiChangeUShortDataCommand.h">
      <Filter>Header Files\Commands\Change Property Data Commands</Filter>
    </ClInclude>
    <ClInclude Include="..\..\NiResetBoolDataCommand.h">
      <Filter>Header Files\Commands\Reset Property Data Commands</Filter>
    </ClInclude>
    <ClInclude Include="..\..\NiResetColorADataCommand.h">
      <Filter>Header Files\Commands\Reset Property Data Commands</Filter>
    </ClInclude>
    <ClInclude Include="..\..\NiResetColorDataCommand.h">
      <Filter>Header Files\Commands\Reset Property Data Commands</Filter>
    </ClInclude>
    <ClInclude Include="..\..\NiResetEntityPointerDataCommand.h">
      <Filter>Header Files\Commands\Reset Property Data Commands</Filter>
    </ClInclude>
    <ClInclude Include="..\..\NiResetFloatDataCommand.h">
      <Filter>Header Files\Commands\Reset Property Data Commands</Filter>
    </ClInclude>
    <ClInclude Include="..\..\NiResetIntDataCommand.h">
      <Filter>Header Files\Commands\Reset Property Data Commands</Filter>
    </ClInclude>
    <ClInclude Include="..\..\NiResetMatrix3DataCommand.h">
      <Filter>Header Files\Commands\Reset Property Data Commands</Filter>
    </ClInclude>
    <ClInclude Include="..\..\NiResetNiObjectPointerDataCommand.h">
      <Filter>Header Files\Commands\Reset Property Data Commands</Filter>
    </ClInclude>
    <ClInclude Include="..\..\NiResetPoint2DataCommand.h">
      <Filter>Header Files\Commands\Reset Property Data Commands</Filter>
    </ClInclude>
    <ClInclude Include="..\..\NiResetPoint3DataCommand.h">
      <Filter>Header Files\Commands\Reset Property Data Commands</Filter>
    </ClInclude>
    <ClInclude Include="..\..\NiResetQuaternionDataCommand.h">
      <Filter>Header Files\Commands\Reset Property Data Commands</Filter>
    </ClInclude>
    <ClInclude Include="..\..\NiResetShortDataCommand.h">
      <Filter>Header Files\Commands\Reset Property Data Commands</Filter>
    </ClInclude>
    <ClInclude Include="..\..\NiResetStringDataCommand.h">
      <Filter>Header Files\Commands\Reset Property Data Commands</Filter>
    </ClInclude>
    <ClInclude Include="..\..\NiResetUIntDataCommand.h">
      <Filter>Header Files\Commands\Reset Property Data Commands</Filter>
    </ClInclude>
    <ClInclude Include="..\..\NiResetUShortDataCommand.h">
      <Filter>Header Files\Commands\Reset Property Data Commands</Filter>
    </ClInclude>
    <ClInclude Include="..\..\NiBase64.h">
      <Filter>Header Files\Streaming</Filter>
    </ClInclude>
    <ClInclude Include="..\..\NiDOMTool.h">
      <Filter>Header Files\Streaming</Filter>
    </ClInclude>
    <ClInclude Include="..\..\NiEntityStreaming.h">
      <Filter>Header Files\Streaming</Filter>
    </ClInclude>
    <ClInclude Include="..\..\NiEntityStreamingAscii.h">
      <Filter>Header Files\Streaming</Filter>
    </ClInclude>
    <ClInclude Include="..\..\NiExternalAssetManager.h">
      <Filter>Header Files\External Assets</Filter>
    </ClInclude>
    <ClInclude Include="..\..\NiExternalAssetParams.h">
      <Filter>Header Files\External Assets\Asset Params</Filter>
    </ClInclude>
    <ClInclude Include="..\..\NiParamsKF.h">
      <Filter>Header Files\External Assets\Asset Params</Filter>
    </ClInclude>
    <ClInclude Include="..\..\NiParamsKFM.h">
      <Filter>Header Files\External Assets\Asset Params</Filter>
    </ClInclude>
    <ClInclude Include="..\..\NiParamsNIF.h">
      <Filter>Header Files\External Assets\Asset Params</Filter>
    </ClInclude>
    <ClInclude Include="..\..\NiExternalAssetHandler.h">
      <Filter>Header Files\External Assets\Asset Handlers</Filter>
    </ClInclude>
    <ClInclude Include="..\..\NiExternalAssetKFHandler.h">
      <Filter>Header Files\External Assets\Asset Handlers</Filter>
    </ClInclude>
    <ClInclude Include="..\..\NiExternalAssetKFMHandler.h">
      <Filter>Header Files\External Assets\Asset Handlers</Filter>
    </ClInclude>
    <ClInclude Include="..\..\NiExternalAssetNIFHandler.h">
      <Filter>Header Files\External Assets\Asset Handlers</Filter>
    </ClInclude>
  </ItemGroup>
  <ItemGroup>
    <None Include="..\..\NiDefaultErrorHandler.inl">
      <Filter>Inline Files</Filter>
    </None>
    <None Include="..\..\NiEntityCommandManager.inl">
      <Filter>Inline Files</Filter>
    </None>
    <None Include="..\..\NiEntityRenderingContext.inl">
      <Filter>Inline Files</Filter>
    </None>
    <None Include="..\..\NiEntitySelectionSet.inl">
      <Filter>Inline Files</Filter>
    </None>
    <None Include="..\..\NiInterfaceSmartPointer.inl">
      <Filter>Inline Files</Filter>
    </None>
    <None Include="..\..\NiScene.inl">
      <Filter>Inline Files</Filter>
    </None>
    <None Include="..\..\NiSceneRenderView.inl">
      <Filter>Inline Files</Filter>
    </None>
    <None Include="..\..\NiUniqueID.inl">
      <Filter>Inline Files</Filter>
    </None>
    <None Include="..\..\NiActorComponent.inl">
      <Filter>Inline Files\Components</Filter>
    </None>
    <None Include="..\..\NiGeneralComponent.inl">
      <Filter>Inline Files\Components</Filter>
    </None>
    <None Include="..\..\NiGeneralComponentProperty.inl">
      <Filter>Inline Files\Components</Filter>
    </None>
    <None Include="..\..\NiLightComponent.inl">
      <Filter>Inline Files\Components</Filter>
    </None>
    <None Include="..\..\NiSceneGraphComponent.inl">
      <Filter>Inline Files\Components</Filter>
    </None>
    <None Include="..\..\NiShadowGeneratorComponent.inl">
      <Filter>Inline Files\Components</Filter>
    </None>
    <None Include="..\..\NiTransformationComponent.inl">
      <Filter>Inline Files\Components</Filter>
    </None>
    <None Include="..\..\NiAddRemoveComponentCommand.inl">
      <Filter>Inline Files\Commands</Filter>
    </None>
    <None Include="..\..\NiAddRemoveEntityCommand.inl">
      <Filter>Inline Files\Commands</Filter>
    </None>
    <None Include="..\..\NiAddRemovePropertyCommand.inl">
      <Filter>Inline Files\Commands</Filter>
    </None>
    <None Include="..\..\NiAddRemoveSelectionSetCommand.inl">
      <Filter>Inline Files\Commands</Filter>
    </None>
    <None Include="..\..\NiBatchCommand.inl">
      <Filter>Inline Files\Commands</Filter>
    </None>
    <None Include="..\..\NiChangeHiddenStateCommand.inl">
      <Filter>Inline Files\Commands</Filter>
    </None>
    <None Include="..\..\NiChangePropertyCommand.inl">
      <Filter>Inline Files\Commands</Filter>
    </None>
    <None Include="..\..\NiMakePropertyUniqueCommand.inl">
      <Filter>Inline Files\Commands</Filter>
    </None>
    <None Include="..\..\NiRenameEntityCommand.inl">
      <Filter>Inline Files\Commands</Filter>
    </None>
    <None Include="..\..\NiRenameSelectionSetCommand.inl">
      <Filter>Inline Files\Commands</Filter>
    </None>
    <None Include="..\..\NiSelectEntitiesCommand.inl">
      <Filter>Inline Files\Commands</Filter>
    </None>
    <None Include="..\..\NiSetElementCountCommand.inl">
      <Filter>Inline Files\Commands</Filter>
    </None>
    <None Include="..\..\NiBase64.inl">
      <Filter>Inline Files\Streaming</Filter>
    </None>
    <None Include="..\..\NiEntityStreamingAscii.inl">
      <Filter>Inline Files\Streaming</Filter>
    </None>
  </ItemGroup>
</Project>